
Microsoft Visual Studio Solution File, Format Version 12.00
# Visual Studio Version 17
VisualStudioVersion = 17.13.35931.197 d17.13
MinimumVisualStudioVersion = 10.0.40219.1
Project("{FAE04EC0-301F-11D3-BF4B-00C04F79EFBC}") = "Assin1", "Assin1\Assin1.csproj", "{FAD314EB-969B-4178-B5B1-D2CBACBA57C5}"
EndProject
Global
	GlobalSection(SolutionConfigurationPlatforms) = preSolution
		Debug|Any CPU = Debug|Any CPU
		Release|Any CPU = Release|Any CPU
	EndGlobalSection
	GlobalSection(ProjectConfigurationPlatforms) = postSolution
		{FAD314EB-969B-4178-B5B1-D2CBACBA57C5}.Debug|Any CPU.ActiveCfg = Debug|Any CPU
		{FAD314EB-969B-4178-B5B1-D2CBACBA57C5}.Debug|Any CPU.Build.0 = Debug|Any CPU
		{FAD314EB-969B-4178-B5B1-D2CBACBA57C5}.Release|Any CPU.ActiveCfg = Release|Any CPU
		{FAD314EB-969B-4178-B5B1-D2CBACBA57C5}.Release|Any CPU.Build.0 = Release|Any CPU
	EndGlobalSection
	GlobalSection(SolutionProperties) = preSolution
		HideSolutionNode = FALSE
	EndGlobalSection
	GlobalSection(ExtensibilityGlobals) = postSolution
		SolutionGuid = {58207BB5-2FB2-4E03-8E90-B60A97D3C74A}
	EndGlobalSection
EndGlobal
